
Microsoft Visual Studio Solution File, Format Version 12.00
# Visual Studio 15
VisualStudioVersion = 15.0.28307.329
MinimumVisualStudioVersion = 10.0.40219.1
Project("{FAE04EC0-301F-11D3-BF4B-00C04F79EFBC}") = "CIS575_HW6", "CIS575_HW6\CIS575_HW6.csproj", "{D9D3127B-6317-43E7-9A99-78CAF02073FD}"
EndProject
Global
	GlobalSection(SolutionConfigurationPlatforms) = preSolution
		Debug|Any CPU = Debug|Any CPU
		Release|Any CPU = Release|Any CPU
	EndGlobalSection
	GlobalSection(ProjectConfigurationPlatforms) = postSolution
		{D9D3127B-6317-43E7-9A99-78CAF02073FD}.Debug|Any CPU.ActiveCfg = Debug|Any CPU
		{D9D3127B-6317-43E7-9A99-78CAF02073FD}.Debug|Any CPU.Build.0 = Debug|Any CPU
		{D9D3127B-6317-43E7-9A99-78CAF02073FD}.Release|Any CPU.ActiveCfg = Release|Any CPU
		{D9D3127B-6317-43E7-9A99-78CAF02073FD}.Release|Any CPU.Build.0 = Release|Any CPU
	EndGlobalSection
	GlobalSection(SolutionProperties) = preSolution
		HideSolutionNode = FALSE
	EndGlobalSection
	GlobalSection(ExtensibilityGlobals) = postSolution
		SolutionGuid = {C28B5DBF-C33C-4FA8-9618-6575937101DF}
	EndGlobalSection
EndGlobal
